
Microsoft Visual Studio Solution File, Format Version 12.00
# Visual Studio Version 17
VisualStudioVersion = 17.0.31808.319
MinimumVisualStudioVersion = 10.0.40219.1
Project("{FAE04EC0-301F-11D3-BF4B-00C04F79EFBC}") = "RadioSongs", "RadioSongs\RadioSongs.csproj", "{1F22B8A1-5C49-46FD-A640-F7D2BFCB0300}"
EndProject
Project("{FAE04EC0-301F-11D3-BF4B-00C04F79EFBC}") = "RadioSongs.Tests", "RadioSongs.Tests\RadioSongs.Tests.csproj", "{D533D701-A632-4C5B-967C-0EB533B4C43A}"
EndProject
Global
	GlobalSection(SolutionConfigurationPlatforms) = preSolution
		Debug|Any CPU = Debug|Any CPU
		Release|Any CPU = Release|Any CPU
	EndGlobalSection
	GlobalSection(ProjectConfigurationPlatforms) = postSolution
		{1F22B8A1-5C49-46FD-A640-F7D2BFCB0300}.Debug|Any CPU.ActiveCfg = Debug|Any CPU
		{1F22B8A1-5C49-46FD-A640-F7D2BFCB0300}.Debug|Any CPU.Build.0 = Debug|Any CPU
		{1F22B8A1-5C49-46FD-A640-F7D2BFCB0300}.Release|Any CPU.ActiveCfg = Release|Any CPU
		{1F22B8A1-5C49-46FD-A640-F7D2BFCB0300}.Release|Any CPU.Build.0 = Release|Any CPU
		{D533D701-A632-4C5B-967C-0EB533B4C43A}.Debug|Any CPU.ActiveCfg = Debug|Any CPU
		{D533D701-A632-4C5B-967C-0EB533B4C43A}.Debug|Any CPU.Build.0 = Debug|Any CPU
		{D533D701-A632-4C5B-967C-0EB533B4C43A}.Release|Any CPU.ActiveCfg = Release|Any CPU
		{D533D701-A632-4C5B-967C-0EB533B4C43A}.Release|Any CPU.Build.0 = Release|Any CPU
	EndGlobalSection
	GlobalSection(SolutionProperties) = preSolution
		HideSolutionNode = FALSE
	EndGlobalSection
	GlobalSection(ExtensibilityGlobals) = postSolution
		SolutionGuid = {BE1AC99F-5362-4954-8DF0-145283CCDEB0}
	EndGlobalSection
EndGlobal
